
Microsoft Visual Studio Solution File, Format Version 12.00
# Visual Studio Version 16
VisualStudioVersion = 16.0.29728.190
MinimumVisualStudioVersion = 10.0.40219.1
Project("{FAE04EC0-301F-11D3-BF4B-00C04F79EFBC}") = "UmbracoWithKeyVault", "UmbracoWithKeyVault\UmbracoWithKeyVault.csproj", "{C7892282-F91B-4831-8FD1-731DF3068247}"
EndProject
Project("{FAE04EC0-301F-11D3-BF4B-00C04F79EFBC}") = "UmbracoWithKeyVault.Core", "UmbracoWithKeyVault.Core\UmbracoWithKeyVault.Core.csproj", "{FB517DFF-16DA-4BC9-A429-1368F16486DB}"
EndProject
Global
	GlobalSection(SolutionConfigurationPlatforms) = preSolution
		Debug|Any CPU = Debug|Any CPU
		Release|Any CPU = Release|Any CPU
	EndGlobalSection
	GlobalSection(ProjectConfigurationPlatforms) = postSolution
		{C7892282-F91B-4831-8FD1-731DF3068247}.Debug|Any CPU.ActiveCfg = Debug|Any CPU
		{C7892282-F91B-4831-8FD1-731DF3068247}.Debug|Any CPU.Build.0 = Debug|Any CPU
		{C7892282-F91B-4831-8FD1-731DF3068247}.Release|Any CPU.ActiveCfg = Release|Any CPU
		{C7892282-F91B-4831-8FD1-731DF3068247}.Release|Any CPU.Build.0 = Release|Any CPU
		{FB517DFF-16DA-4BC9-A429-1368F16486DB}.Debug|Any CPU.ActiveCfg = Debug|Any CPU
		{FB517DFF-16DA-4BC9-A429-1368F16486DB}.Debug|Any CPU.Build.0 = Debug|Any CPU
		{FB517DFF-16DA-4BC9-A429-1368F16486DB}.Release|Any CPU.ActiveCfg = Release|Any CPU
		{FB517DFF-16DA-4BC9-A429-1368F16486DB}.Release|Any CPU.Build.0 = Release|Any CPU
	EndGlobalSection
	GlobalSection(SolutionProperties) = preSolution
		HideSolutionNode = FALSE
	EndGlobalSection
	GlobalSection(ExtensibilityGlobals) = postSolution
		SolutionGuid = {77722033-21B3-415E-9597-F693D00EEE71}
	EndGlobalSection
EndGlobal
